{
    "_readme": [
        "This file locks the dependencies of your project to a known state",
        "Read more about it at https://getcomposer.org/doc/01-basic-usage.md#installing-dependencies",
        "This file is @generated automatically"
    ],
    "content-hash": "d23d73ffb3c848fedfb34747a1d9f7f5",
    "packages": [
        {
            "name": "litephp/core",
            "version": "v1.0.1",
            "source": {
                "type": "git",
                "url": "https://github.com/Lazycoder229/litephp.git",
                "reference": "9d37cb44537b681ea781d0423b0c22bc23e39db8"
            },
            "dist": {
                "type": "zip",
                "url": "https://api.github.com/repos/Lazycoder229/litephp/zipball/9d37cb44537b681ea781d0423b0c22bc23e39db8",
                "reference": "9d37cb44537b681ea781d0423b0c22bc23e39db8",
                "shasum": ""
            },
            "require": {
                "php": ">=8.1"
            },
            "require-dev": {
                "phpunit/phpunit": "^11.0"
            },
            "type": "library",
            "autoload": {
                "files": [
                    "Core/helpers.php"
                ],
                "psr-4": {
                    "Core\\": "Core/"
                }
            },
            "notification-url": "https://packagist.org/downloads/",
            "license": [
                "MIT"
            ],
            "description": "LitePHP - A lightweight PHP framework",
            "support": {
                "issues": "https://github.com/Lazycoder229/litephp/issues",
                "source": "https://github.com/Lazycoder229/litephp/tree/v1.0.1"
            },
            "time": "2026-06-17T00:56:59+00:00"
        }
    ],
    "packages-dev": [],
    "aliases": [],
    "minimum-stability": "stable",
    "stability-flags": {},
    "prefer-stable": true,
    "prefer-lowest": false,
    "platform": {},
    "platform-dev": {},
    "plugin-api-version": "2.9.0"
}
